
Microsoft Visual Studio Solution File, Format Version 12.00
# Visual Studio Version 16
VisualStudioVersion = 16.0.30523.141
MinimumVisualStudioVersion = 10.0.40219.1
Project("{FAE04EC0-301F-11D3-BF4B-00C04F79EFBC}") = "kv-demo", "kv-demo\kv-demo.csproj", "{887E3934-7134-4BD6-B42D-663FA315DEA6}"
EndProject
Global
	GlobalSection(SolutionConfigurationPlatforms) = preSolution
		Debug|Any CPU = Debug|Any CPU
		Release|Any CPU = Release|Any CPU
	EndGlobalSection
	GlobalSection(ProjectConfigurationPlatforms) = postSolution
		{887E3934-7134-4BD6-B42D-663FA315DEA6}.Debug|Any CPU.ActiveCfg = Debug|Any CPU
		{887E3934-7134-4BD6-B42D-663FA315DEA6}.Debug|Any CPU.Build.0 = Debug|Any CPU
		{887E3934-7134-4BD6-B42D-663FA315DEA6}.Release|Any CPU.ActiveCfg = Release|Any CPU
		{887E3934-7134-4BD6-B42D-663FA315DEA6}.Release|Any CPU.Build.0 = Release|Any CPU
	EndGlobalSection
	GlobalSection(SolutionProperties) = preSolution
		HideSolutionNode = FALSE
	EndGlobalSection
	GlobalSection(ExtensibilityGlobals) = postSolution
		SolutionGuid = {5E8D644C-CC36-4228-8B2C-7B20C64074FE}
	EndGlobalSection
EndGlobal
